// !$*UTF8*$!
{
	archiveVersion = 1;
	classes = {
	};
	objectVersion = 77;
	objects = {

/* Begin PBXBuildFile section */
		4CFD9E742DAFE6390011D191 /* FirebaseAnalytics in Frameworks */ = {isa = PBXBuildFile; productRef = 4CFD9E732DAFE6390011D191 /* FirebaseAnalytics */; };
		4CFD9E762DAFE6390011D191 /* FirebaseAuth in Frameworks */ = {isa = PBXBuildFile; productRef = 4CFD9E752DAFE6390011D191 /* FirebaseAuth */; };
		4CFD9E782DAFE6390011D191 /* FirebaseCore in Frameworks */ = {isa = PBXBuildFile; productRef = 4CFD9E772DAFE6390011D191 /* FirebaseCore */; };
		4CFD9E7A2DAFE6390011D191 /* FirebaseCrashlytics in Frameworks */ = {isa = PBXBuildFile; productRef = 4CFD9E792DAFE6390011D191 /* FirebaseCrashlytics */; };
		4CFD9E7C2DAFE6390011D191 /* FirebaseFirestore in Frameworks */ = {isa = PBXBuildFile; productRef = 4CFD9E7B2DAFE6390011D191 /* FirebaseFirestore */; };
		4CFD9E7E2DAFE6390011D191 /* FirebaseFunctions in Frameworks */ = {isa = PBXBuildFile; productRef = 4CFD9E7D2DAFE6390011D191 /* FirebaseFunctions */; };
		4CFD9E802DAFE6390011D191 /* FirebaseMessaging in Frameworks */ = {isa = PBXBuildFile; productRef = 4CFD9E7F2DAFE6390011D191 /* FirebaseMessaging */; };
		4CFD9E822DAFE6390011D191 /* FirebaseStorage in Frameworks */ = {isa = PBXBuildFile; productRef = 4CFD9E812DAFE6390011D191 /* FirebaseStorage */; };
		4CFD9E8B2DAFF4550011D191 /* DotLottie in Frameworks */ = {isa = PBXBuildFile; productRef = 4CFD9E8A2DAFF4550011D191 /* DotLottie */; };
		4CFD9F072DB237210011D191 /* Preview Assets.xcassets in Resources */ = {isa = PBXBuildFile; fileRef = 4CFD9EF22DB237210011D191 /* Preview Assets.xcassets */; };
		4CFD9F082DB237210011D191 /* Assets.xcassets in Resources */ = {isa = PBXBuildFile; fileRef = 4CFD9EF42DB237210011D191 /* Assets.xcassets */; };
		4CFD9F092DB237210011D191 /* .gitignore in Resources */ = {isa = PBXBuildFile; fileRef = 4CFD9F022DB237210011D191 /* .gitignore */; };
		4CFD9F0A2DB237210011D191 /* GoogleService-Info.plist in Resources */ = {isa = PBXBuildFile; fileRef = 4CFD9F032DB237210011D191 /* GoogleService-Info.plist */; };
		4CFD9F0B2DB237210011D191 /* User.swift in Sources */ = {isa = PBXBuildFile; fileRef = 4CFD9EF02DB237210011D191 /* User.swift */; };
		4CFD9F0C2DB237210011D191 /* AuthService.swift in Sources */ = {isa = PBXBuildFile; fileRef = 4CFD9EF62DB237210011D191 /* AuthService.swift */; };
		4CFD9F0D2DB237210011D191 /* AuthViewModel.swift in Sources */ = {isa = PBXBuildFile; fileRef = 4CFD9EF82DB237210011D191 /* AuthViewModel.swift */; };
		4CFD9F0E2DB237210011D191 /* AlertsView.swift in Sources */ = {isa = PBXBuildFile; fileRef = 4CFD9EFA2DB237210011D191 /* AlertsView.swift */; };
		4CFD9F0F2DB237210011D191 /* DiscoveryView.swift in Sources */ = {isa = PBXBuildFile; fileRef = 4CFD9EFB2DB237210011D191 /* DiscoveryView.swift */; };
		4CFD9F102DB237210011D191 /* InterestsView.swift in Sources */ = {isa = PBXBuildFile; fileRef = 4CFD9EFC2DB237210011D191 /* InterestsView.swift */; };
		4CFD9F112DB237210011D191 /* LoginView.swift in Sources */ = {isa = PBXBuildFile; fileRef = 4CFD9EFD2DB237210011D191 /* LoginView.swift */; };
		4CFD9F122DB237210011D191 /* MyProfileView.swift in Sources */ = {isa = PBXBuildFile; fileRef = 4CFD9EFE2DB237210011D191 /* MyProfileView.swift */; };
		4CFD9F132DB237210011D191 /* OnBoardingView.swift in Sources */ = {isa = PBXBuildFile; fileRef = 4CFD9EFF2DB237210011D191 /* OnBoardingView.swift */; };
		4CFD9F142DB237210011D191 /* StreaksView.swift in Sources */ = {isa = PBXBuildFile; fileRef = 4CFD9F002DB237210011D191 /* StreaksView.swift */; };
		4CFD9F152DB237210011D191 /* Streak_HouseApp.swift in Sources */ = {isa = PBXBuildFile; fileRef = 4CFD9F052DB237210011D191 /* Streak_HouseApp.swift */; };
		4CFD9F172DB23D9A0011D191 /* ChipsContainerView.swift in Sources */ = {isa = PBXBuildFile; fileRef = 4CFD9F162DB23D9A0011D191 /* ChipsContainerView.swift */; };
/* End PBXBuildFile section */

/* Begin PBXFileReference section */
		4CFD9E4D2DAFE0A90011D191 /* Streak House.app */ = {isa = PBXFileReference; explicitFileType = wrapper.application; includeInIndex = 0; path = "Streak House.app"; sourceTree = BUILT_PRODUCTS_DIR; };
		4CFD9EF02DB237210011D191 /* User.swift */ = {isa = PBXFileReference; lastKnownFileType = sourcecode.swift; path = User.swift; sourceTree = "<group>"; };
		4CFD9EF22DB237210011D191 /* Preview Assets.xcassets */ = {isa = PBXFileReference; lastKnownFileType = folder.assetcatalog; path = "Preview Assets.xcassets"; sourceTree = "<group>"; };
		4CFD9EF42DB237210011D191 /* Assets.xcassets */ = {isa = PBXFileReference; lastKnownFileType = folder.assetcatalog; path = Assets.xcassets; sourceTree = "<group>"; };
		4CFD9EF62DB237210011D191 /* AuthService.swift */ = {isa = PBXFileReference; lastKnownFileType = sourcecode.swift; path = AuthService.swift; sourceTree = "<group>"; };
		4CFD9EF82DB237210011D191 /* AuthViewModel.swift */ = {isa = PBXFileReference; lastKnownFileType = sourcecode.swift; path = AuthViewModel.swift; sourceTree = "<group>"; };
		4CFD9EFA2DB237210011D191 /* AlertsView.swift */ = {isa = PBXFileReference; lastKnownFileType = sourcecode.swift; path = AlertsView.swift; sourceTree = "<group>"; };
		4CFD9EFB2DB237210011D191 /* DiscoveryView.swift */ = {isa = PBXFileReference; lastKnownFileType = sourcecode.swift; path = DiscoveryView.swift; sourceTree = "<group>"; };
		4CFD9EFC2DB237210011D191 /* InterestsView.swift */ = {isa = PBXFileReference; lastKnownFileType = sourcecode.swift; path = InterestsView.swift; sourceTree = "<group>"; };
		4CFD9EFD2DB237210011D191 /* LoginView.swift */ = {isa = PBXFileReference; lastKnownFileType = sourcecode.swift; path = LoginView.swift; sourceTree = "<group>"; };
		4CFD9EFE2DB237210011D191 /* MyProfileView.swift */ = {isa = PBXFileReference; lastKnownFileType = sourcecode.swift; path = MyProfileView.swift; sourceTree = "<group>"; };
		4CFD9EFF2DB237210011D191 /* OnBoardingView.swift */ = {isa = PBXFileReference; lastKnownFileType = sourcecode.swift; path = OnBoardingView.swift; sourceTree = "<group>"; };
		4CFD9F002DB237210011D191 /* StreaksView.swift */ = {isa = PBXFileReference; lastKnownFileType = sourcecode.swift; path = StreaksView.swift; sourceTree = "<group>"; };
		4CFD9F022DB237210011D191 /* .gitignore */ = {isa = PBXFileReference; lastKnownFileType = text; path = .gitignore; sourceTree = "<group>"; };
		4CFD9F032DB237210011D191 /* GoogleService-Info.plist */ = {isa = PBXFileReference; lastKnownFileType = text.plist.xml; path = "GoogleService-Info.plist"; sourceTree = "<group>"; };
		4CFD9F042DB237210011D191 /* Streak House.entitlements */ = {isa = PBXFileReference; lastKnownFileType = text.plist.entitlements; path = "Streak House.entitlements"; sourceTree = "<group>"; };
		4CFD9F052DB237210011D191 /* Streak_HouseApp.swift */ = {isa = PBXFileReference; lastKnownFileType = sourcecode.swift; path = Streak_HouseApp.swift; sourceTree = "<group>"; };
		4CFD9F162DB23D9A0011D191 /* ChipsContainerView.swift */ = {isa = PBXFileReference; lastKnownFileType = sourcecode.swift; path = ChipsContainerView.swift; sourceTree = "<group>"; };
/* End PBXFileReference section */

/* Begin PBXFrameworksBuildPhase section */
		4CFD9E4A2DAFE0A90011D191 /* Frameworks */ = {
			isa = PBXFrameworksBuildPhase;
			buildActionMask = 2147483647;
			files = (
				4CFD9E742DAFE6390011D191 /* FirebaseAnalytics in Frameworks */,
				4CFD9E7A2DAFE6390011D191 /* FirebaseCrashlytics in Frameworks */,
				4CFD9E802DAFE6390011D191 /* FirebaseMessaging in Frameworks */,
				4CFD9E782DAFE6390011D191 /* FirebaseCore in Frameworks */,
				4CFD9E7E2DAFE6390011D191 /* FirebaseFunctions in Frameworks */,
				4CFD9E8B2DAFF4550011D191 /* DotLottie in Frameworks */,
				4CFD9E822DAFE6390011D191 /* FirebaseStorage in Frameworks */,
				4CFD9E7C2DAFE6390011D191 /* FirebaseFirestore in Frameworks */,
				4CFD9E762DAFE6390011D191 /* FirebaseAuth in Frameworks */,
			);
			runOnlyForDeploymentPostprocessing = 0;
		};
/* End PBXFrameworksBuildPhase section */

/* Begin PBXGroup section */
		4CFD9E442DAFE0A90011D191 = {
			isa = PBXGroup;
			children = (
				4CFD9E4E2DAFE0A90011D191 /* Products */,
				4CFD9F062DB237210011D191 /* Streak House */,
			);
			sourceTree = "<group>";
		};
		4CFD9E4E2DAFE0A90011D191 /* Products */ = {
			isa = PBXGroup;
			children = (
				4CFD9E4D2DAFE0A90011D191 /* Streak House.app */,
			);
			name = Products;
			sourceTree = "<group>";
		};
		4CFD9EF12DB237210011D191 /* Models */ = {
			isa = PBXGroup;
			children = (
				4CFD9EF02DB237210011D191 /* User.swift */,
			);
			path = Models;
			sourceTree = "<group>";
		};
		4CFD9EF32DB237210011D191 /* Preview Content */ = {
			isa = PBXGroup;
			children = (
				4CFD9EF22DB237210011D191 /* Preview Assets.xcassets */,
			);
			path = "Preview Content";
			sourceTree = "<group>";
		};
		4CFD9EF52DB237210011D191 /* Resources */ = {
			isa = PBXGroup;
			children = (
				4CFD9EF42DB237210011D191 /* Assets.xcassets */,
			);
			path = Resources;
			sourceTree = "<group>";
		};
		4CFD9EF72DB237210011D191 /* Services */ = {
			isa = PBXGroup;
			children = (
				4CFD9EF62DB237210011D191 /* AuthService.swift */,
			);
			path = Services;
			sourceTree = "<group>";
		};
		4CFD9EF92DB237210011D191 /* ViewModels */ = {
			isa = PBXGroup;
			children = (
				4CFD9EF82DB237210011D191 /* AuthViewModel.swift */,
			);
			path = ViewModels;
			sourceTree = "<group>";
		};
		4CFD9F012DB237210011D191 /* Views */ = {
			isa = PBXGroup;
			children = (
				4CFD9EFA2DB237210011D191 /* AlertsView.swift */,
				4CFD9EFB2DB237210011D191 /* DiscoveryView.swift */,
				4CFD9EFC2DB237210011D191 /* InterestsView.swift */,
				4CFD9EFD2DB237210011D191 /* LoginView.swift */,
				4CFD9EFE2DB237210011D191 /* MyProfileView.swift */,
				4CFD9EFF2DB237210011D191 /* OnBoardingView.swift */,
				4CFD9F002DB237210011D191 /* StreaksView.swift */,
				4CFD9F162DB23D9A0011D191 /* ChipsContainerView.swift */,
			);
			path = Views;
			sourceTree = "<group>";
		};
		4CFD9F062DB237210011D191 /* Streak House */ = {
			isa = PBXGroup;
			children = (
				4CFD9EF12DB237210011D191 /* Models */,
				4CFD9EF32DB237210011D191 /* Preview Content */,
				4CFD9EF52DB237210011D191 /* Resources */,
				4CFD9EF72DB237210011D191 /* Services */,
				4CFD9EF92DB237210011D191 /* ViewModels */,
				4CFD9F012DB237210011D191 /* Views */,
				4CFD9F022DB237210011D191 /* .gitignore */,
				4CFD9F032DB237210011D191 /* GoogleService-Info.plist */,
				4CFD9F042DB237210011D191 /* Streak House.entitlements */,
				4CFD9F052DB237210011D191 /* Streak_HouseApp.swift */,
			);
			path = "Streak House";
			sourceTree = "<group>";
		};
/* End PBXGroup section */

/* Begin PBXNativeTarget section */
		4CFD9E4C2DAFE0A90011D191 /* Streak House */ = {
			isa = PBXNativeTarget;
			buildConfigurationList = 4CFD9E5B2DAFE0AA0011D191 /* Build configuration list for PBXNativeTarget "Streak House" */;
			buildPhases = (
				4CFD9E492DAFE0A90011D191 /* Sources */,
				4CFD9E4A2DAFE0A90011D191 /* Frameworks */,
				4CFD9E4B2DAFE0A90011D191 /* Resources */,
			);
			buildRules = (
			);
			dependencies = (
			);
			name = "Streak House";
			packageProductDependencies = (
				4CFD9E732DAFE6390011D191 /* FirebaseAnalytics */,
				4CFD9E752DAFE6390011D191 /* FirebaseAuth */,
				4CFD9E772DAFE6390011D191 /* FirebaseCore */,
				4CFD9E792DAFE6390011D191 /* FirebaseCrashlytics */,
				4CFD9E7B2DAFE6390011D191 /* FirebaseFirestore */,
				4CFD9E7D2DAFE6390011D191 /* FirebaseFunctions */,
				4CFD9E7F2DAFE6390011D191 /* FirebaseMessaging */,
				4CFD9E812DAFE6390011D191 /* FirebaseStorage */,
				4CFD9E8A2DAFF4550011D191 /* DotLottie */,
			);
			productName = "Streak House";
			productReference = 4CFD9E4D2DAFE0A90011D191 /* Streak House.app */;
			productType = "com.apple.product-type.application";
		};
/* End PBXNativeTarget section */

/* Begin PBXProject section */
		4CFD9E452DAFE0A90011D191 /* Project object */ = {
			isa = PBXProject;
			attributes = {
				BuildIndependentTargetsInParallel = 1;
				LastSwiftUpdateCheck = 1620;
				LastUpgradeCheck = 1620;
				TargetAttributes = {
					4CFD9E4C2DAFE0A90011D191 = {
						CreatedOnToolsVersion = 16.2;
					};
				};
			};
			buildConfigurationList = 4CFD9E482DAFE0A90011D191 /* Build configuration list for PBXProject "Streak House" */;
			developmentRegion = en;
			hasScannedForEncodings = 0;
			knownRegions = (
				en,
				Base,
			);
			mainGroup = 4CFD9E442DAFE0A90011D191;
			minimizedProjectReferenceProxies = 1;
			packageReferences = (
				4CFD9E722DAFE6390011D191 /* XCRemoteSwiftPackageReference "firebase-ios-sdk" */,
				4CFD9E892DAFF4550011D191 /* XCRemoteSwiftPackageReference "dotlottie-ios" */,
			);
			preferredProjectObjectVersion = 77;
			productRefGroup = 4CFD9E4E2DAFE0A90011D191 /* Products */;
			projectDirPath = "";
			projectRoot = "";
			targets = (
				4CFD9E4C2DAFE0A90011D191 /* Streak House */,
			);
		};
/* End PBXProject section */

/* Begin PBXResourcesBuildPhase section */
		4CFD9E4B2DAFE0A90011D191 /* Resources */ = {
			isa = PBXResourcesBuildPhase;
			buildActionMask = 2147483647;
			files = (
				4CFD9F072DB237210011D191 /* Preview Assets.xcassets in Resources */,
				4CFD9F082DB237210011D191 /* Assets.xcassets in Resources */,
				4CFD9F092DB237210011D191 /* .gitignore in Resources */,
				4CFD9F0A2DB237210011D191 /* GoogleService-Info.plist in Resources */,
			);
			runOnlyForDeploymentPostprocessing = 0;
		};
/* End PBXResourcesBuildPhase section */

/* Begin PBXSourcesBuildPhase section */
		4CFD9E492DAFE0A90011D191 /* Sources */ = {
			isa = PBXSourcesBuildPhase;
			buildActionMask = 2147483647;
			files = (
				4CFD9F172DB23D9A0011D191 /* ChipsContainerView.swift in Sources */,
				4CFD9F0B2DB237210011D191 /* User.swift in Sources */,
				4CFD9F0C2DB237210011D191 /* AuthService.swift in Sources */,
				4CFD9F0D2DB237210011D191 /* AuthViewModel.swift in Sources */,
				4CFD9F0E2DB237210011D191 /* AlertsView.swift in Sources */,
				4CFD9F0F2DB237210011D191 /* DiscoveryView.swift in Sources */,
				4CFD9F102DB237210011D191 /* InterestsView.swift in Sources */,
				4CFD9F112DB237210011D191 /* LoginView.swift in Sources */,
				4CFD9F122DB237210011D191 /* MyProfileView.swift in Sources */,
				4CFD9F132DB237210011D191 /* OnBoardingView.swift in Sources */,
				4CFD9F142DB237210011D191 /* StreaksView.swift in Sources */,
				4CFD9F152DB237210011D191 /* Streak_HouseApp.swift in Sources */,
			);
			runOnlyForDeploymentPostprocessing = 0;
		};
/* End PBXSourcesBuildPhase section */

/* Begin XCBuildConfiguration section */
		4CFD9E592DAFE0AA0011D191 /* Debug */ = {
			isa = XCBuildConfiguration;
			buildSettings = {
				ALWAYS_SEARCH_USER_PATHS = NO;
				ASSETCATALOG_COMPILER_GENERATE_SWIFT_ASSET_SYMBOL_EXTENSIONS = YES;
				CLANG_ANALYZER_NONNULL = YES;
				CLANG_ANALYZER_NUMBER_OBJECT_CONVERSION = YES_AGGRESSIVE;
				CLANG_CXX_LANGUAGE_STANDARD = "gnu++20";
				CLANG_ENABLE_MODULES = YES;
				CLANG_ENABLE_OBJC_ARC = YES;
				CLANG_ENABLE_OBJC_WEAK = YES;
				CLANG_WARN_BLOCK_CAPTURE_AUTORELEASING = YES;
				CLANG_WARN_BOOL_CONVERSION = YES;
				CLANG_WARN_COMMA = YES;
				CLANG_WARN_CONSTANT_CONVERSION = YES;
				CLANG_WARN_DEPRECATED_OBJC_IMPLEMENTATIONS = YES;
				CLANG_WARN_DIRECT_OBJC_ISA_USAGE = YES_ERROR;
				CLANG_WARN_DOCUMENTATION_COMMENTS = YES;
				CLANG_WARN_EMPTY_BODY = YES;
				CLANG_WARN_ENUM_CONVERSION = YES;
				CLANG_WARN_INFINITE_RECURSION = YES;
				CLANG_WARN_INT_CONVERSION = YES;
				CLANG_WARN_NON_LITERAL_NULL_CONVERSION = YES;
				CLANG_WARN_OBJC_IMPLICIT_RETAIN_SELF = YES;
				CLANG_WARN_OBJC_LITERAL_CONVERSION = YES;
				CLANG_WARN_OBJC_ROOT_CLASS = YES_ERROR;
				CLANG_WARN_QUOTED_INCLUDE_IN_FRAMEWORK_HEADER = YES;
				CLANG_WARN_RANGE_LOOP_ANALYSIS = YES;
				CLANG_WARN_STRICT_PROTOTYPES = YES;
				CLANG_WARN_SUSPICIOUS_MOVE = YES;
				CLANG_WARN_UNGUARDED_AVAILABILITY = YES_AGGRESSIVE;
				CLANG_WARN_UNREACHABLE_CODE = YES;
				CLANG_WARN__DUPLICATE_METHOD_MATCH = YES;
				COPY_PHASE_STRIP = NO;
				DEBUG_INFORMATION_FORMAT = dwarf;
				ENABLE_STRICT_OBJC_MSGSEND = YES;
				ENABLE_TESTABILITY = YES;
				ENABLE_USER_SCRIPT_SANDBOXING = YES;
				GCC_C_LANGUAGE_STANDARD = gnu17;
				GCC_DYNAMIC_NO_PIC = NO;
				GCC_NO_COMMON_BLOCKS = YES;
				GCC_OPTIMIZATION_LEVEL = 0;
				GCC_PREPROCESSOR_DEFINITIONS = (
					"DEBUG=1",
					"$(inherited)",
				);
				GCC_WARN_64_TO_32_BIT_CONVERSION = YES;
				GCC_WARN_ABOUT_RETURN_TYPE = YES_ERROR;
				GCC_WARN_UNDECLARED_SELECTOR = YES;
				GCC_WARN_UNINITIALIZED_AUTOS = YES_AGGRESSIVE;
				GCC_WARN_UNUSED_FUNCTION = YES;
				GCC_WARN_UNUSED_VARIABLE = YES;
				IPHONEOS_DEPLOYMENT_TARGET = 18.2;
				LOCALIZATION_PREFERS_STRING_CATALOGS = YES;
				MTL_ENABLE_DEBUG_INFO = INCLUDE_SOURCE;
				MTL_FAST_MATH = YES;
				ONLY_ACTIVE_ARCH = YES;
				SDKROOT = iphoneos;
				SWIFT_ACTIVE_COMPILATION_CONDITIONS = "DEBUG $(inherited)";
				SWIFT_OPTIMIZATION_LEVEL = "-Onone";
			};
			name = Debug;
		};
		4CFD9E5A2DAFE0AA0011D191 /* Release */ = {
			isa = XCBuildConfiguration;
			buildSettings = {
				ALWAYS_SEARCH_USER_PATHS = NO;
				ASSETCATALOG_COMPILER_GENERATE_SWIFT_ASSET_SYMBOL_EXTENSIONS = YES;
				CLANG_ANALYZER_NONNULL = YES;
				CLANG_ANALYZER_NUMBER_OBJECT_CONVERSION = YES_AGGRESSIVE;
				CLANG_CXX_LANGUAGE_STANDARD = "gnu++20";
				CLANG_ENABLE_MODULES = YES;
				CLANG_ENABLE_OBJC_ARC = YES;
				CLANG_ENABLE_OBJC_WEAK = YES;
				CLANG_WARN_BLOCK_CAPTURE_AUTORELEASING = YES;
				CLANG_WARN_BOOL_CONVERSION = YES;
				CLANG_WARN_COMMA = YES;
				CLANG_WARN_CONSTANT_CONVERSION = YES;
				CLANG_WARN_DEPRECATED_OBJC_IMPLEMENTATIONS = YES;
				CLANG_WARN_DIRECT_OBJC_ISA_USAGE = YES_ERROR;
				CLANG_WARN_DOCUMENTATION_COMMENTS = YES;
				CLANG_WARN_EMPTY_BODY = YES;
				CLANG_WARN_ENUM_CONVERSION = YES;
				CLANG_WARN_INFINITE_RECURSION = YES;
				CLANG_WARN_INT_CONVERSION = YES;
				CLANG_WARN_NON_LITERAL_NULL_CONVERSION = YES;
				CLANG_WARN_OBJC_IMPLICIT_RETAIN_SELF = YES;
				CLANG_WARN_OBJC_LITERAL_CONVERSION = YES;
				CLANG_WARN_OBJC_ROOT_CLASS = YES_ERROR;
				CLANG_WARN_QUOTED_INCLUDE_IN_FRAMEWORK_HEADER = YES;
				CLANG_WARN_RANGE_LOOP_ANALYSIS = YES;
				CLANG_WARN_STRICT_PROTOTYPES = YES;
				CLANG_WARN_SUSPICIOUS_MOVE = YES;
				CLANG_WARN_UNGUARDED_AVAILABILITY = YES_AGGRESSIVE;
				CLANG_WARN_UNREACHABLE_CODE = YES;
				CLANG_WARN__DUPLICATE_METHOD_MATCH = YES;
				COPY_PHASE_STRIP = NO;
				DEBUG_INFORMATION_FORMAT = "dwarf-with-dsym";
				ENABLE_NS_ASSERTIONS = NO;
				ENABLE_STRICT_OBJC_MSGSEND = YES;
				ENABLE_USER_SCRIPT_SANDBOXING = YES;
				GCC_C_LANGUAGE_STANDARD = gnu17;
				GCC_NO_COMMON_BLOCKS = YES;
				GCC_WARN_64_TO_32_BIT_CONVERSION = YES;
				GCC_WARN_ABOUT_RETURN_TYPE = YES_ERROR;
				GCC_WARN_UNDECLARED_SELECTOR = YES;
				GCC_WARN_UNINITIALIZED_AUTOS = YES_AGGRESSIVE;
				GCC_WARN_UNUSED_FUNCTION = YES;
				GCC_WARN_UNUSED_VARIABLE = YES;
				IPHONEOS_DEPLOYMENT_TARGET = 18.2;
				LOCALIZATION_PREFERS_STRING_CATALOGS = YES;
				MTL_ENABLE_DEBUG_INFO = NO;
				MTL_FAST_MATH = YES;
				SDKROOT = iphoneos;
				SWIFT_COMPILATION_MODE = wholemodule;
				VALIDATE_PRODUCT = YES;
			};
			name = Release;
		};
		4CFD9E5C2DAFE0AA0011D191 /* Debug */ = {
			isa = XCBuildConfiguration;
			buildSettings = {
				ASSETCATALOG_COMPILER_APPICON_NAME = AppIcon;
				ASSETCATALOG_COMPILER_GLOBAL_ACCENT_COLOR_NAME = AccentColor;
				CODE_SIGN_ENTITLEMENTS = "Streak House/Streak House.entitlements";
				CODE_SIGN_STYLE = Automatic;
				CURRENT_PROJECT_VERSION = 1;
				DEVELOPMENT_ASSET_PATHS = "\"Streak House/Preview Content\"";
				DEVELOPMENT_TEAM = 5M5VM39FM9;
				ENABLE_PREVIEWS = YES;
				GENERATE_INFOPLIST_FILE = YES;
				INFOPLIST_KEY_UIApplicationSceneManifest_Generation = YES;
				INFOPLIST_KEY_UIApplicationSupportsIndirectInputEvents = YES;
				INFOPLIST_KEY_UILaunchScreen_Generation = YES;
				INFOPLIST_KEY_UISupportedInterfaceOrientations_iPad = "UIInterfaceOrientationPortrait UIInterfaceOrientationPortraitUpsideDown UIInterfaceOrientationLandscapeLeft UIInterfaceOrientationLandscapeRight";
				INFOPLIST_KEY_UISupportedInterfaceOrientations_iPhone = "UIInterfaceOrientationPortrait UIInterfaceOrientationLandscapeLeft UIInterfaceOrientationLandscapeRight";
				LD_RUNPATH_SEARCH_PATHS = (
					"$(inherited)",
					"@executable_path/Frameworks",
				);
				MARKETING_VERSION = 1.0;
				PRODUCT_BUNDLE_IDENTIFIER = "gil.Streak-House";
				PRODUCT_NAME = "$(TARGET_NAME)";
				SWIFT_EMIT_LOC_STRINGS = YES;
				SWIFT_VERSION = 5.0;
				TARGETED_DEVICE_FAMILY = "1,2";
			};
			name = Debug;
		};
		4CFD9E5D2DAFE0AA0011D191 /* Release */ = {
			isa = XCBuildConfiguration;
			buildSettings = {
				ASSETCATALOG_COMPILER_APPICON_NAME = AppIcon;
				ASSETCATALOG_COMPILER_GLOBAL_ACCENT_COLOR_NAME = AccentColor;
				CODE_SIGN_ENTITLEMENTS = "Streak House/Streak House.entitlements";
				CODE_SIGN_STYLE = Automatic;
				CURRENT_PROJECT_VERSION = 1;
				DEVELOPMENT_ASSET_PATHS = "\"Streak House/Preview Content\"";
				DEVELOPMENT_TEAM = 5M5VM39FM9;
				ENABLE_PREVIEWS = YES;
				GENERATE_INFOPLIST_FILE = YES;
				INFOPLIST_KEY_UIApplicationSceneManifest_Generation = YES;
				INFOPLIST_KEY_UIApplicationSupportsIndirectInputEvents = YES;
				INFOPLIST_KEY_UILaunchScreen_Generation = YES;
				INFOPLIST_KEY_UISupportedInterfaceOrientations_iPad = "UIInterfaceOrientationPortrait UIInterfaceOrientationPortraitUpsideDown UIInterfaceOrientationLandscapeLeft UIInterfaceOrientationLandscapeRight";
				INFOPLIST_KEY_UISupportedInterfaceOrientations_iPhone = "UIInterfaceOrientationPortrait UIInterfaceOrientationLandscapeLeft UIInterfaceOrientationLandscapeRight";
				LD_RUNPATH_SEARCH_PATHS = (
					"$(inherited)",
					"@executable_path/Frameworks",
				);
				MARKETING_VERSION = 1.0;
				PRODUCT_BUNDLE_IDENTIFIER = "gil.Streak-House";
				PRODUCT_NAME = "$(TARGET_NAME)";
				SWIFT_EMIT_LOC_STRINGS = YES;
				SWIFT_VERSION = 5.0;
				TARGETED_DEVICE_FAMILY = "1,2";
			};
			name = Release;
		};
/* End XCBuildConfiguration section */

/* Begin XCConfigurationList section */
		4CFD9E482DAFE0A90011D191 /* Build configuration list for PBXProject "Streak House" */ = {
			isa = XCConfigurationList;
			buildConfigurations = (
				4CFD9E592DAFE0AA0011D191 /* Debug */,
				4CFD9E5A2DAFE0AA0011D191 /* Release */,
			);
			defaultConfigurationIsVisible = 0;
			defaultConfigurationName = Release;
		};
		4CFD9E5B2DAFE0AA0011D191 /* Build configuration list for PBXNativeTarget "Streak House" */ = {
			isa = XCConfigurationList;
			buildConfigurations = (
				4CFD9E5C2DAFE0AA0011D191 /* Debug */,
				4CFD9E5D2DAFE0AA0011D191 /* Release */,
			);
			defaultConfigurationIsVisible = 0;
			defaultConfigurationName = Release;
		};
/* End XCConfigurationList section */

/* Begin XCRemoteSwiftPackageReference section */
		4CFD9E722DAFE6390011D191 /* XCRemoteSwiftPackageReference "firebase-ios-sdk" */ = {
			isa = XCRemoteSwiftPackageReference;
			repositoryURL = "https://github.com/firebase/firebase-ios-sdk";
			requirement = {
				kind = upToNextMajorVersion;
				minimumVersion = 11.11.0;
			};
		};
		4CFD9E892DAFF4550011D191 /* XCRemoteSwiftPackageReference "dotlottie-ios" */ = {
			isa = XCRemoteSwiftPackageReference;
			repositoryURL = "https://github.com/LottieFiles/dotlottie-ios";
			requirement = {
				branch = main;
				kind = branch;
			};
		};
/* End XCRemoteSwiftPackageReference section */

/* Begin XCSwiftPackageProductDependency section */
		4CFD9E732DAFE6390011D191 /* FirebaseAnalytics */ = {
			isa = XCSwiftPackageProductDependency;
			package = 4CFD9E722DAFE6390011D191 /* XCRemoteSwiftPackageReference "firebase-ios-sdk" */;
			productName = FirebaseAnalytics;
		};
		4CFD9E752DAFE6390011D191 /* FirebaseAuth */ = {
			isa = XCSwiftPackageProductDependency;
			package = 4CFD9E722DAFE6390011D191 /* XCRemoteSwiftPackageReference "firebase-ios-sdk" */;
			productName = FirebaseAuth;
		};
		4CFD9E772DAFE6390011D191 /* FirebaseCore */ = {
			isa = XCSwiftPackageProductDependency;
			package = 4CFD9E722DAFE6390011D191 /* XCRemoteSwiftPackageReference "firebase-ios-sdk" */;
			productName = FirebaseCore;
		};
		4CFD9E792DAFE6390011D191 /* FirebaseCrashlytics */ = {
			isa = XCSwiftPackageProductDependency;
			package = 4CFD9E722DAFE6390011D191 /* XCRemoteSwiftPackageReference "firebase-ios-sdk" */;
			productName = FirebaseCrashlytics;
		};
		4CFD9E7B2DAFE6390011D191 /* FirebaseFirestore */ = {
			isa = XCSwiftPackageProductDependency;
			package = 4CFD9E722DAFE6390011D191 /* XCRemoteSwiftPackageReference "firebase-ios-sdk" */;
			productName = FirebaseFirestore;
		};
		4CFD9E7D2DAFE6390011D191 /* FirebaseFunctions */ = {
			isa = XCSwiftPackageProductDependency;
			package = 4CFD9E722DAFE6390011D191 /* XCRemoteSwiftPackageReference "firebase-ios-sdk" */;
			productName = FirebaseFunctions;
		};
		4CFD9E7F2DAFE6390011D191 /* FirebaseMessaging */ = {
			isa = XCSwiftPackageProductDependency;
			package = 4CFD9E722DAFE6390011D191 /* XCRemoteSwiftPackageReference "firebase-ios-sdk" */;
			productName = FirebaseMessaging;
		};
		4CFD9E812DAFE6390011D191 /* FirebaseStorage */ = {
			isa = XCSwiftPackageProductDependency;
			package = 4CFD9E722DAFE6390011D191 /* XCRemoteSwiftPackageReference "firebase-ios-sdk" */;
			productName = FirebaseStorage;
		};
		4CFD9E8A2DAFF4550011D191 /* DotLottie */ = {
			isa = XCSwiftPackageProductDependency;
			package = 4CFD9E892DAFF4550011D191 /* XCRemoteSwiftPackageReference "dotlottie-ios" */;
			productName = DotLottie;
		};
/* End XCSwiftPackageProductDependency section */
	};
	rootObject = 4CFD9E452DAFE0A90011D191 /* Project object */;
}
